
Microsoft Visual Studio Solution File, Format Version 12.00
# Visual Studio Version 17
VisualStudioVersion = 17.7.34018.315
MinimumVisualStudioVersion = 10.0.40219.1
Project("{FAE04EC0-301F-11D3-BF4B-00C04F79EFBC}") = "WebAPIIntro", "WebAPIIntro\WebAPIIntro.csproj", "{86908ACE-D7B2-423B-91A8-39C35877A08D}"
EndProject
Global
	GlobalSection(SolutionConfigurationPlatforms) = preSolution
		Debug|Any CPU = Debug|Any CPU
		Release|Any CPU = Release|Any CPU
	EndGlobalSection
	GlobalSection(ProjectConfigurationPlatforms) = postSolution
		{86908ACE-D7B2-423B-91A8-39C35877A08D}.Debug|Any CPU.ActiveCfg = Debug|Any CPU
		{86908ACE-D7B2-423B-91A8-39C35877A08D}.Debug|Any CPU.Build.0 = Debug|Any CPU
		{86908ACE-D7B2-423B-91A8-39C35877A08D}.Release|Any CPU.ActiveCfg = Release|Any CPU
		{86908ACE-D7B2-423B-91A8-39C35877A08D}.Release|Any CPU.Build.0 = Release|Any CPU
	EndGlobalSection
	GlobalSection(SolutionProperties) = preSolution
		HideSolutionNode = FALSE
	EndGlobalSection
	GlobalSection(ExtensibilityGlobals) = postSolution
		SolutionGuid = {5F3C98C9-ECC9-42A1-BC4F-99CB84A5CDE2}
	EndGlobalSection
EndGlobal
